Microsoft Visual Studio Solution File, Format Version 12.00
MinimumVisualStudioVersion = 10.0.40219.1
Project("{9A19103F-16F7-4668-BE54-9A1E7A4F7556}") = "SunSharp", "SunSharp\SunSharp.csproj", "{E493B5CE-53F6-48F1-948B-B4A37686126F}"
EndProject
Project("{9A19103F-16F7-4668-BE54-9A1E7A4F7556}") = "SunSharp.Redistribution", "SunSharp.Redistribution\SunSharp.Redistribution.csproj", "{81E20175-47B1-4FFD-BC12-F85BBFF86E0C}"
EndProject
Project("{9A19103F-16F7-4668-BE54-9A1E7A4F7556}") = "Examples", "Example\Examples.csproj", "{DD23426C-9692-482D-80C6-7D8D4543BBDF}"
EndProject
Global
	GlobalSection(SolutionConfigurationPlatforms) = preSolution
		Debug|Any CPU = Debug|Any CPU
		Release|Any CPU = Release|Any CPU
	EndGlobalSection
	GlobalSection(ProjectConfigurationPlatforms) = postSolution
		{E493B5CE-53F6-48F1-948B-B4A37686126F}.Debug|Any CPU.ActiveCfg = Debug|Any CPU
		{E493B5CE-53F6-48F1-948B-B4A37686126F}.Debug|Any CPU.Build.0 = Debug|Any CPU
		{E493B5CE-53F6-48F1-948B-B4A37686126F}.Release|Any CPU.ActiveCfg = Release|Any CPU
		{E493B5CE-53F6-48F1-948B-B4A37686126F}.Release|Any CPU.Build.0 = Release|Any CPU
		{81E20175-47B1-4FFD-BC12-F85BBFF86E0C}.Debug|Any CPU.ActiveCfg = Debug|Any CPU
		{81E20175-47B1-4FFD-BC12-F85BBFF86E0C}.Debug|Any CPU.Build.0 = Debug|Any CPU
		{81E20175-47B1-4FFD-BC12-F85BBFF86E0C}.Release|Any CPU.ActiveCfg = Release|Any CPU
		{81E20175-47B1-4FFD-BC12-F85BBFF86E0C}.Release|Any CPU.Build.0 = Release|Any CPU
		{DD23426C-9692-482D-80C6-7D8D4543BBDF}.Debug|Any CPU.ActiveCfg = Debug|Any CPU
		{DD23426C-9692-482D-80C6-7D8D4543BBDF}.Debug|Any CPU.Build.0 = Debug|Any CPU
		{DD23426C-9692-482D-80C6-7D8D4543BBDF}.Release|Any CPU.ActiveCfg = Release|Any CPU
		{DD23426C-9692-482D-80C6-7D8D4543BBDF}.Release|Any CPU.Build.0 = Release|Any CPU
	EndGlobalSection
	GlobalSection(SolutionProperties) = preSolution
		HideSolutionNode = FALSE
	EndGlobalSection
	GlobalSection(ExtensibilityGlobals) = postSolution
		SolutionGuid = {7B41F3FE-1D05-452C-A872-24DD67695CE3}
	EndGlobalSection
EndGlobal
