Microsoft Visual Studio Solution File, Format Version 12.00
# Visual Studio Version 17
VisualStudioVersion = 17.5.2.0
MinimumVisualStudioVersion = 10.0.40219.1
Project("{FAE04EC0-301F-11D3-BF4B-00C04F79EFBC}") = "SunSharp", "SunSharp.csproj", "{B676D468-9617-942E-E2F8-3C6FF5A5D0A8}"
EndProject
Global
	GlobalSection(SolutionConfigurationPlatforms) = preSolution
		Debug|Any CPU = Debug|Any CPU
		Release|Any CPU = Release|Any CPU
	EndGlobalSection
	GlobalSection(ProjectConfigurationPlatforms) = postSolution
		{B676D468-9617-942E-E2F8-3C6FF5A5D0A8}.Debug|Any CPU.ActiveCfg = Debug|Any CPU
		{B676D468-9617-942E-E2F8-3C6FF5A5D0A8}.Debug|Any CPU.Build.0 = Debug|Any CPU
		{B676D468-9617-942E-E2F8-3C6FF5A5D0A8}.Release|Any CPU.ActiveCfg = Release|Any CPU
		{B676D468-9617-942E-E2F8-3C6FF5A5D0A8}.Release|Any CPU.Build.0 = Release|Any CPU
	EndGlobalSection
	GlobalSection(SolutionProperties) = preSolution
		HideSolutionNode = FALSE
	EndGlobalSection
	GlobalSection(ExtensibilityGlobals) = postSolution
		SolutionGuid = {698900B2-3F6D-4D32-B437-46E1597BCE23}
	EndGlobalSection
EndGlobal
